// !$*UTF8*$!
{
	archiveVersion = 1;
	classes = {
	};
	objectVersion = 55;
	objects = {

/* Begin PBXBuildFile section */
		992BEF4528B0409A00DB9AAF /* LandmarksApp.swift in Sources */ = {isa = PBXBuildFile; fileRef = 992BEF4428B0409A00DB9AAF /* LandmarksApp.swift */; };
		992BEF4728B0409A00DB9AAF /* ContentView.swift in Sources */ = {isa = PBXBuildFile; fileRef = 992BEF4628B0409A00DB9AAF /* ContentView.swift */; };
		992BEF4928B0409B00DB9AAF /* Assets.xcassets in Resources */ = {isa = PBXBuildFile; fileRef = 992BEF4828B0409B00DB9AAF /* Assets.xcassets */; };
		992BEF4C28B0409B00DB9AAF /* Preview Assets.xcassets in Resources */ = {isa = PBXBuildFile; fileRef = 992BEF4B28B0409B00DB9AAF /* Preview Assets.xcassets */; };
		992BEF5628B0409B00DB9AAF /* LandmarksTests.swift in Sources */ = {isa = PBXBuildFile; fileRef = 992BEF5528B0409B00DB9AAF /* LandmarksTests.swift */; };
		992BEF6028B0409B00DB9AAF /* LandmarksUITests.swift in Sources */ = {isa = PBXBuildFile; fileRef = 992BEF5F28B0409B00DB9AAF /* LandmarksUITests.swift */; };
		992BEF6228B0409B00DB9AAF /* LandmarksUITestsLaunchTests.swift in Sources */ = {isa = PBXBuildFile; fileRef = 992BEF6128B0409B00DB9AAF /* LandmarksUITestsLaunchTests.swift */; };
		992BEF6F28B0457700DB9AAF /* CircleImage.swift in Sources */ = {isa = PBXBuildFile; fileRef = 992BEF6E28B0457700DB9AAF /* CircleImage.swift */; };
		992BEF7128B0466900DB9AAF /* MapView.swift in Sources */ = {isa = PBXBuildFile; fileRef = 992BEF7028B0466900DB9AAF /* MapView.swift */; };
		99F12A9328CCC0F300F7CAB3 /* landmarkData.json in Resources */ = {isa = PBXBuildFile; fileRef = 99F12A9228CCC0F300F7CAB3 /* landmarkData.json */; };
		99F12A9528CCC11000F7CAB3 /* Landmark.swift in Sources */ = {isa = PBXBuildFile; fileRef = 99F12A9428CCC11000F7CAB3 /* Landmark.swift */; };
		99F12A9728CCC2EE00F7CAB3 /* ModelData.swift in Sources */ = {isa = PBXBuildFile; fileRef = 99F12A9628CCC2EE00F7CAB3 /* ModelData.swift */; };
		99F12A9A28CCC44E00F7CAB3 /* LandmarkRow.swift in Sources */ = {isa = PBXBuildFile; fileRef = 99F12A9928CCC44E00F7CAB3 /* LandmarkRow.swift */; };
		99F12A9D28CF72F300F7CAB3 /* LandmarkList.swift in Sources */ = {isa = PBXBuildFile; fileRef = 99F12A9C28CF72F300F7CAB3 /* LandmarkList.swift */; };
/* End PBXBuildFile section */

/* Begin PBXContainerItemProxy section */
		992BEF5228B0409B00DB9AAF /* PBXContainerItemProxy */ = {
			isa = PBXContainerItemProxy;
			containerPortal = 992BEF3928B0409A00DB9AAF /* Project object */;
			proxyType = 1;
			remoteGlobalIDString = 992BEF4028B0409A00DB9AAF;
			remoteInfo = Landmarks;
		};
		992BEF5C28B0409B00DB9AAF /* PBXContainerItemProxy */ = {
			isa = PBXContainerItemProxy;
			containerPortal = 992BEF3928B0409A00DB9AAF /* Project object */;
			proxyType = 1;
			remoteGlobalIDString = 992BEF4028B0409A00DB9AAF;
			remoteInfo = Landmarks;
		};
/* End PBXContainerItemProxy section */

/* Begin PBXFileReference section */
		992BEF4128B0409A00DB9AAF /* Landmarks.app */ = {isa = PBXFileReference; explicitFileType = wrapper.application; includeInIndex = 0; path = Landmarks.app; sourceTree = BUILT_PRODUCTS_DIR; };
		992BEF4428B0409A00DB9AAF /* LandmarksApp.swift */ = {isa = PBXFileReference; lastKnownFileType = sourcecode.swift; path = LandmarksApp.swift; sourceTree = "<group>"; };
		992BEF4628B0409A00DB9AAF /* ContentView.swift */ = {isa = PBXFileReference; lastKnownFileType = sourcecode.swift; path = ContentView.swift; sourceTree = "<group>"; };
		992BEF4828B0409B00DB9AAF /* Assets.xcassets */ = {isa = PBXFileReference; lastKnownFileType = folder.assetcatalog; path = Assets.xcassets; sourceTree = "<group>"; };
		992BEF4B28B0409B00DB9AAF /* Preview Assets.xcassets */ = {isa = PBXFileReference; lastKnownFileType = folder.assetcatalog; path = "Preview Assets.xcassets"; sourceTree = "<group>"; };
		992BEF5128B0409B00DB9AAF /* LandmarksTests.xctest */ = {isa = PBXFileReference; explicitFileType = wrapper.cfbundle; includeInIndex = 0; path = LandmarksTests.xctest; sourceTree = BUILT_PRODUCTS_DIR; };
		992BEF5528B0409B00DB9AAF /* LandmarksTests.swift */ = {isa = PBXFileReference; lastKnownFileType = sourcecode.swift; path = LandmarksTests.swift; sourceTree = "<group>"; };
		992BEF5B28B0409B00DB9AAF /* LandmarksUITests.xctest */ = {isa = PBXFileReference; explicitFileType = wrapper.cfbundle; includeInIndex = 0; path = LandmarksUITests.xctest; sourceTree = BUILT_PRODUCTS_DIR; };
		992BEF5F28B0409B00DB9AAF /* LandmarksUITests.swift */ = {isa = PBXFileReference; lastKnownFileType = sourcecode.swift; path = LandmarksUITests.swift; sourceTree = "<group>"; };
		992BEF6128B0409B00DB9AAF /* LandmarksUITestsLaunchTests.swift */ = {isa = PBXFileReference; lastKnownFileType = sourcecode.swift; path = LandmarksUITestsLaunchTests.swift; sourceTree = "<group>"; };
		992BEF6E28B0457700DB9AAF /* CircleImage.swift */ = {isa = PBXFileReference; lastKnownFileType = sourcecode.swift; path = CircleImage.swift; sourceTree = "<group>"; };
		992BEF7028B0466900DB9AAF /* MapView.swift */ = {isa = PBXFileReference; lastKnownFileType = sourcecode.swift; path = MapView.swift; sourceTree = "<group>"; };
		99F12A9228CCC0F300F7CAB3 /* landmarkData.json */ = {isa = PBXFileReference; fileEncoding = 4; lastKnownFileType = text.json; path = landmarkData.json; sourceTree = "<group>"; };
		99F12A9428CCC11000F7CAB3 /* Landmark.swift */ = {isa = PBXFileReference; lastKnownFileType = sourcecode.swift; path = Landmark.swift; sourceTree = "<group>"; };
		99F12A9628CCC2EE00F7CAB3 /* ModelData.swift */ = {isa = PBXFileReference; lastKnownFileType = sourcecode.swift; path = ModelData.swift; sourceTree = "<group>"; };
		99F12A9928CCC44E00F7CAB3 /* LandmarkRow.swift */ = {isa = PBXFileReference; lastKnownFileType = sourcecode.swift; path = LandmarkRow.swift; sourceTree = "<group>"; };
		99F12A9C28CF72F300F7CAB3 /* LandmarkList.swift */ = {isa = PBXFileReference; lastKnownFileType = sourcecode.swift; path = LandmarkList.swift; sourceTree = "<group>"; };
/* End PBXFileReference section */

/* Begin PBXFrameworksBuildPhase section */
		992BEF3E28B0409A00DB9AAF /* Frameworks */ = {
			isa = PBXFrameworksBuildPhase;
			buildActionMask = 2147483647;
			files = (
			);
			runOnlyForDeploymentPostprocessing = 0;
		};
		992BEF4E28B0409B00DB9AAF /* Frameworks */ = {
			isa = PBXFrameworksBuildPhase;
			buildActionMask = 2147483647;
			files = (
			);
			runOnlyForDeploymentPostprocessing = 0;
		};
		992BEF5828B0409B00DB9AAF /* Frameworks */ = {
			isa = PBXFrameworksBuildPhase;
			buildActionMask = 2147483647;
			files = (
			);
			runOnlyForDeploymentPostprocessing = 0;
		};
/* End PBXFrameworksBuildPhase section */

/* Begin PBXGroup section */
		992BEF3828B0409A00DB9AAF = {
			isa = PBXGroup;
			children = (
				992BEF4328B0409A00DB9AAF /* Landmarks */,
				992BEF5428B0409B00DB9AAF /* LandmarksTests */,
				992BEF5E28B0409B00DB9AAF /* LandmarksUITests */,
				992BEF4228B0409A00DB9AAF /* Products */,
			);
			sourceTree = "<group>";
		};
		992BEF4228B0409A00DB9AAF /* Products */ = {
			isa = PBXGroup;
			children = (
				992BEF4128B0409A00DB9AAF /* Landmarks.app */,
				992BEF5128B0409B00DB9AAF /* LandmarksTests.xctest */,
				992BEF5B28B0409B00DB9AAF /* LandmarksUITests.xctest */,
			);
			name = Products;
			sourceTree = "<group>";
		};
		992BEF4328B0409A00DB9AAF /* Landmarks */ = {
			isa = PBXGroup;
			children = (
				992BEF4428B0409A00DB9AAF /* LandmarksApp.swift */,
				99F12A9828CCC41E00F7CAB3 /* Views */,
				992BEF4828B0409B00DB9AAF /* Assets.xcassets */,
				99F12A9228CCC0F300F7CAB3 /* landmarkData.json */,
				99F12A9B28CF69A900F7CAB3 /* Model */,
				992BEF4A28B0409B00DB9AAF /* Preview Content */,
			);
			path = Landmarks;
			sourceTree = "<group>";
		};
		992BEF4A28B0409B00DB9AAF /* Preview Content */ = {
			isa = PBXGroup;
			children = (
				992BEF4B28B0409B00DB9AAF /* Preview Assets.xcassets */,
			);
			path = "Preview Content";
			sourceTree = "<group>";
		};
		992BEF5428B0409B00DB9AAF /* LandmarksTests */ = {
			isa = PBXGroup;
			children = (
				992BEF5528B0409B00DB9AAF /* LandmarksTests.swift */,
			);
			path = LandmarksTests;
			sourceTree = "<group>";
		};
		992BEF5E28B0409B00DB9AAF /* LandmarksUITests */ = {
			isa = PBXGroup;
			children = (
				992BEF5F28B0409B00DB9AAF /* LandmarksUITests.swift */,
				992BEF6128B0409B00DB9AAF /* LandmarksUITestsLaunchTests.swift */,
			);
			path = LandmarksUITests;
			sourceTree = "<group>";
		};
		99F12A9828CCC41E00F7CAB3 /* Views */ = {
			isa = PBXGroup;
			children = (
				992BEF4628B0409A00DB9AAF /* ContentView.swift */,
				992BEF6E28B0457700DB9AAF /* CircleImage.swift */,
				992BEF7028B0466900DB9AAF /* MapView.swift */,
				99F12A9928CCC44E00F7CAB3 /* LandmarkRow.swift */,
				99F12A9C28CF72F300F7CAB3 /* LandmarkList.swift */,
			);
			path = Views;
			sourceTree = "<group>";
		};
		99F12A9B28CF69A900F7CAB3 /* Model */ = {
			isa = PBXGroup;
			children = (
				99F12A9428CCC11000F7CAB3 /* Landmark.swift */,
				99F12A9628CCC2EE00F7CAB3 /* ModelData.swift */,
			);
			path = Model;
			sourceTree = "<group>";
		};
/* End PBXGroup section */

/* Begin PBXNativeTarget section */
		992BEF4028B0409A00DB9AAF /* Landmarks */ = {
			isa = PBXNativeTarget;
			buildConfigurationList = 992BEF6528B0409B00DB9AAF /* Build configuration list for PBXNativeTarget "Landmarks" */;
			buildPhases = (
				992BEF3D28B0409A00DB9AAF /* Sources */,
				992BEF3E28B0409A00DB9AAF /* Frameworks */,
				992BEF3F28B0409A00DB9AAF /* Resources */,
			);
			buildRules = (
			);
			dependencies = (
			);
			name = Landmarks;
			productName = Landmarks;
			productReference = 992BEF4128B0409A00DB9AAF /* Landmarks.app */;
			productType = "com.apple.product-type.application";
		};
		992BEF5028B0409B00DB9AAF /* LandmarksTests */ = {
			isa = PBXNativeTarget;
			buildConfigurationList = 992BEF6828B0409B00DB9AAF /* Build configuration list for PBXNativeTarget "LandmarksTests" */;
			buildPhases = (
				992BEF4D28B0409B00DB9AAF /* Sources */,
				992BEF4E28B0409B00DB9AAF /* Frameworks */,
				992BEF4F28B0409B00DB9AAF /* Resources */,
			);
			buildRules = (
			);
			dependencies = (
				992BEF5328B0409B00DB9AAF /* PBXTargetDependency */,
			);
			name = LandmarksTests;
			productName = LandmarksTests;
			productReference = 992BEF5128B0409B00DB9AAF /* LandmarksTests.xctest */;
			productType = "com.apple.product-type.bundle.unit-test";
		};
		992BEF5A28B0409B00DB9AAF /* LandmarksUITests */ = {
			isa = PBXNativeTarget;
			buildConfigurationList = 992BEF6B28B0409B00DB9AAF /* Build configuration list for PBXNativeTarget "LandmarksUITests" */;
			buildPhases = (
				992BEF5728B0409B00DB9AAF /* Sources */,
				992BEF5828B0409B00DB9AAF /* Frameworks */,
				992BEF5928B0409B00DB9AAF /* Resources */,
			);
			buildRules = (
			);
			dependencies = (
				992BEF5D28B0409B00DB9AAF /* PBXTargetDependency */,
			);
			name = LandmarksUITests;
			productName = LandmarksUITests;
			productReference = 992BEF5B28B0409B00DB9AAF /* LandmarksUITests.xctest */;
			productType = "com.apple.product-type.bundle.ui-testing";
		};
/* End PBXNativeTarget section */

/* Begin PBXProject section */
		992BEF3928B0409A00DB9AAF /* Project object */ = {
			isa = PBXProject;
			attributes = {
				BuildIndependentTargetsInParallel = 1;
				LastSwiftUpdateCheck = 1340;
				LastUpgradeCheck = 1340;
				TargetAttributes = {
					992BEF4028B0409A00DB9AAF = {
						CreatedOnToolsVersion = 13.4.1;
					};
					992BEF5028B0409B00DB9AAF = {
						CreatedOnToolsVersion = 13.4.1;
						TestTargetID = 992BEF4028B0409A00DB9AAF;
					};
					992BEF5A28B0409B00DB9AAF = {
						CreatedOnToolsVersion = 13.4.1;
						TestTargetID = 992BEF4028B0409A00DB9AAF;
					};
				};
			};
			buildConfigurationList = 992BEF3C28B0409A00DB9AAF /* Build configuration list for PBXProject "Landmarks" */;
			compatibilityVersion = "Xcode 13.0";
			developmentRegion = en;
			hasScannedForEncodings = 0;
			knownRegions = (
				en,
				Base,
			);
			mainGroup = 992BEF3828B0409A00DB9AAF;
			productRefGroup = 992BEF4228B0409A00DB9AAF /* Products */;
			projectDirPath = "";
			projectRoot = "";
			targets = (
				992BEF4028B0409A00DB9AAF /* Landmarks */,
				992BEF5028B0409B00DB9AAF /* LandmarksTests */,
				992BEF5A28B0409B00DB9AAF /* LandmarksUITests */,
			);
		};
/* End PBXProject section */

/* Begin PBXResourcesBuildPhase section */
		992BEF3F28B0409A00DB9AAF /* Resources */ = {
			isa = PBXResourcesBuildPhase;
			buildActionMask = 2147483647;
			files = (
				992BEF4C28B0409B00DB9AAF /* Preview Assets.xcassets in Resources */,
				992BEF4928B0409B00DB9AAF /* Assets.xcassets in Resources */,
				99F12A9328CCC0F300F7CAB3 /* landmarkData.json in Resources */,
			);
			runOnlyForDeploymentPostprocessing = 0;
		};
		992BEF4F28B0409B00DB9AAF /* Resources */ = {
			isa = PBXResourcesBuildPhase;
			buildActionMask = 2147483647;
			files = (
			);
			runOnlyForDeploymentPostprocessing = 0;
		};
		992BEF5928B0409B00DB9AAF /* Resources */ = {
			isa = PBXResourcesBuildPhase;
			buildActionMask = 2147483647;
			files = (
			);
			runOnlyForDeploymentPostprocessing = 0;
		};
/* End PBXResourcesBuildPhase section */

/* Begin PBXSourcesBuildPhase section */
		992BEF3D28B0409A00DB9AAF /* Sources */ = {
			isa = PBXSourcesBuildPhase;
			buildActionMask = 2147483647;
			files = (
				992BEF4728B0409A00DB9AAF /* ContentView.swift in Sources */,
				992BEF7128B0466900DB9AAF /* MapView.swift in Sources */,
				992BEF4528B0409A00DB9AAF /* LandmarksApp.swift in Sources */,
				99F12A9D28CF72F300F7CAB3 /* LandmarkList.swift in Sources */,
				992BEF6F28B0457700DB9AAF /* CircleImage.swift in Sources */,
				99F12A9528CCC11000F7CAB3 /* Landmark.swift in Sources */,
				99F12A9A28CCC44E00F7CAB3 /* LandmarkRow.swift in Sources */,
				99F12A9728CCC2EE00F7CAB3 /* ModelData.swift in Sources */,
			);
			runOnlyForDeploymentPostprocessing = 0;
		};
		992BEF4D28B0409B00DB9AAF /* Sources */ = {
			isa = PBXSourcesBuildPhase;
			buildActionMask = 2147483647;
			files = (
				992BEF5628B0409B00DB9AAF /* LandmarksTests.swift in Sources */,
			);
			runOnlyForDeploymentPostprocessing = 0;
		};
		992BEF5728B0409B00DB9AAF /* Sources */ = {
			isa = PBXSourcesBuildPhase;
			buildActionMask = 2147483647;
			files = (
				992BEF6228B0409B00DB9AAF /* LandmarksUITestsLaunchTests.swift in Sources */,
				992BEF6028B0409B00DB9AAF /* LandmarksUITests.swift in Sources */,
			);
			runOnlyForDeploymentPostprocessing = 0;
		};
/* End PBXSourcesBuildPhase section */

/* Begin PBXTargetDependency section */
		992BEF5328B0409B00DB9AAF /* PBXTargetDependency */ = {
			isa = PBXTargetDependency;
			target = 992BEF4028B0409A00DB9AAF /* Landmarks */;
			targetProxy = 992BEF5228B0409B00DB9AAF /* PBXContainerItemProxy */;
		};
		992BEF5D28B0409B00DB9AAF /* PBXTargetDependency */ = {
			isa = PBXTargetDependency;
			target = 992BEF4028B0409A00DB9AAF /* Landmarks */;
			targetProxy = 992BEF5C28B0409B00DB9AAF /* PBXContainerItemProxy */;
		};
/* End PBXTargetDependency section */

/* Begin XCBuildConfiguration section */
		992BEF6328B0409B00DB9AAF /* Debug */ = {
			isa = XCBuildConfiguration;
			buildSettings = {
				ALWAYS_SEARCH_USER_PATHS = NO;
				CLANG_ANALYZER_NONNULL = YES;
				CLANG_ANALYZER_NUMBER_OBJECT_CONVERSION = YES_AGGRESSIVE;
				CLANG_CXX_LANGUAGE_STANDARD = "gnu++17";
				CLANG_ENABLE_MODULES = YES;
				CLANG_ENABLE_OBJC_ARC = YES;
				CLANG_ENABLE_OBJC_WEAK = YES;
				CLANG_WARN_BLOCK_CAPTURE_AUTORELEASING = YES;
				CLANG_WARN_BOOL_CONVERSION = YES;
				CLANG_WARN_COMMA = YES;
				CLANG_WARN_CONSTANT_CONVERSION = YES;
				CLANG_WARN_DEPRECATED_OBJC_IMPLEMENTATIONS = YES;
				CLANG_WARN_DIRECT_OBJC_ISA_USAGE = YES_ERROR;
				CLANG_WARN_DOCUMENTATION_COMMENTS = YES;
				CLANG_WARN_EMPTY_BODY = YES;
				CLANG_WARN_ENUM_CONVERSION = YES;
				CLANG_WARN_INFINITE_RECURSION = YES;
				CLANG_WARN_INT_CONVERSION = YES;
				CLANG_WARN_NON_LITERAL_NULL_CONVERSION = YES;
				CLANG_WARN_OBJC_IMPLICIT_RETAIN_SELF = YES;
				CLANG_WARN_OBJC_LITERAL_CONVERSION = YES;
				CLANG_WARN_OBJC_ROOT_CLASS = YES_ERROR;
				CLANG_WARN_QUOTED_INCLUDE_IN_FRAMEWORK_HEADER = YES;
				CLANG_WARN_RANGE_LOOP_ANALYSIS = YES;
				CLANG_WARN_STRICT_PROTOTYPES = YES;
				CLANG_WARN_SUSPICIOUS_MOVE = YES;
				CLANG_WARN_UNGUARDED_AVAILABILITY = YES_AGGRESSIVE;
				CLANG_WARN_UNREACHABLE_CODE = YES;
				CLANG_WARN__DUPLICATE_METHOD_MATCH = YES;
				COPY_PHASE_STRIP = NO;
				DEBUG_INFORMATION_FORMAT = dwarf;
				ENABLE_STRICT_OBJC_MSGSEND = YES;
				ENABLE_TESTABILITY = YES;
				GCC_C_LANGUAGE_STANDARD = gnu11;
				GCC_DYNAMIC_NO_PIC = NO;
				GCC_NO_COMMON_BLOCKS = YES;
				GCC_OPTIMIZATION_LEVEL = 0;
				GCC_PREPROCESSOR_DEFINITIONS = (
					"DEBUG=1",
					"$(inherited)",
				);
				GCC_WARN_64_TO_32_BIT_CONVERSION = YES;
				GCC_WARN_ABOUT_RETURN_TYPE = YES_ERROR;
				GCC_WARN_UNDECLARED_SELECTOR = YES;
				GCC_WARN_UNINITIALIZED_AUTOS = YES_AGGRESSIVE;
				GCC_WARN_UNUSED_FUNCTION = YES;
				GCC_WARN_UNUSED_VARIABLE = YES;
				IPHONEOS_DEPLOYMENT_TARGET = 15.5;
				MTL_ENABLE_DEBUG_INFO = INCLUDE_SOURCE;
				MTL_FAST_MATH = YES;
				ONLY_ACTIVE_ARCH = YES;
				SDKROOT = iphoneos;
				SWIFT_ACTIVE_COMPILATION_CONDITIONS = DEBUG;
				SWIFT_OPTIMIZATION_LEVEL = "-Onone";
			};
			name = Debug;
		};
		992BEF6428B0409B00DB9AAF /* Release */ = {
			isa = XCBuildConfiguration;
			buildSettings = {
				ALWAYS_SEARCH_USER_PATHS = NO;
				CLANG_ANALYZER_NONNULL = YES;
				CLANG_ANALYZER_NUMBER_OBJECT_CONVERSION = YES_AGGRESSIVE;
				CLANG_CXX_LANGUAGE_STANDARD = "gnu++17";
				CLANG_ENABLE_MODULES = YES;
				CLANG_ENABLE_OBJC_ARC = YES;
				CLANG_ENABLE_OBJC_WEAK = YES;
				CLANG_WARN_BLOCK_CAPTURE_AUTORELEASING = YES;
				CLANG_WARN_BOOL_CONVERSION = YES;
				CLANG_WARN_COMMA = YES;
				CLANG_WARN_CONSTANT_CONVERSION = YES;
				CLANG_WARN_DEPRECATED_OBJC_IMPLEMENTATIONS = YES;
				CLANG_WARN_DIRECT_OBJC_ISA_USAGE = YES_ERROR;
				CLANG_WARN_DOCUMENTATION_COMMENTS = YES;
				CLANG_WARN_EMPTY_BODY = YES;
				CLANG_WARN_ENUM_CONVERSION = YES;
				CLANG_WARN_INFINITE_RECURSION = YES;
				CLANG_WARN_INT_CONVERSION = YES;
				CLANG_WARN_NON_LITERAL_NULL_CONVERSION = YES;
				CLANG_WARN_OBJC_IMPLICIT_RETAIN_SELF = YES;
				CLANG_WARN_OBJC_LITERAL_CONVERSION = YES;
				CLANG_WARN_OBJC_ROOT_CLASS = YES_ERROR;
				CLANG_WARN_QUOTED_INCLUDE_IN_FRAMEWORK_HEADER = YES;
				CLANG_WARN_RANGE_LOOP_ANALYSIS = YES;
				CLANG_WARN_STRICT_PROTOTYPES = YES;
				CLANG_WARN_SUSPICIOUS_MOVE = YES;
				CLANG_WARN_UNGUARDED_AVAILABILITY = YES_AGGRESSIVE;
				CLANG_WARN_UNREACHABLE_CODE = YES;
				CLANG_WARN__DUPLICATE_METHOD_MATCH = YES;
				COPY_PHASE_STRIP = NO;
				DEBUG_INFORMATION_FORMAT = "dwarf-with-dsym";
				ENABLE_NS_ASSERTIONS = NO;
				ENABLE_STRICT_OBJC_MSGSEND = YES;
				GCC_C_LANGUAGE_STANDARD = gnu11;
				GCC_NO_COMMON_BLOCKS = YES;
				GCC_WARN_64_TO_32_BIT_CONVERSION = YES;
				GCC_WARN_ABOUT_RETURN_TYPE = YES_ERROR;
				GCC_WARN_UNDECLARED_SELECTOR = YES;
				GCC_WARN_UNINITIALIZED_AUTOS = YES_AGGRESSIVE;
				GCC_WARN_UNUSED_FUNCTION = YES;
				GCC_WARN_UNUSED_VARIABLE = YES;
				IPHONEOS_DEPLOYMENT_TARGET = 15.5;
				MTL_ENABLE_DEBUG_INFO = NO;
				MTL_FAST_MATH = YES;
				SDKROOT = iphoneos;
				SWIFT_COMPILATION_MODE = wholemodule;
				SWIFT_OPTIMIZATION_LEVEL = "-O";
				VALIDATE_PRODUCT = YES;
			};
			name = Release;
		};
		992BEF6628B0409B00DB9AAF /* Debug */ = {
			isa = XCBuildConfiguration;
			buildSettings = {
				ASSETCATALOG_COMPILER_APPICON_NAME = AppIcon;
				ASSETCATALOG_COMPILER_GLOBAL_ACCENT_COLOR_NAME = AccentColor;
				CODE_SIGN_STYLE = Automatic;
				CURRENT_PROJECT_VERSION = 1;
				DEVELOPMENT_ASSET_PATHS = "\"Landmarks/Preview Content\"";
				DEVELOPMENT_TEAM = 5Q3CLN5Y6Q;
				ENABLE_PREVIEWS = YES;
				GENERATE_INFOPLIST_FILE = YES;
				INFOPLIST_KEY_UIApplicationSceneManifest_Generation = YES;
				INFOPLIST_KEY_UIApplicationSupportsIndirectInputEvents = YES;
				INFOPLIST_KEY_UILaunchScreen_Generation = YES;
				INFOPLIST_KEY_UISupportedInterfaceOrientations_iPad = "UIInterfaceOrientationPortrait UIInterfaceOrientationPortraitUpsideDown UIInterfaceOrientationLandscapeLeft UIInterfaceOrientationLandscapeRight";
				INFOPLIST_KEY_UISupportedInterfaceOrientations_iPhone = "UIInterfaceOrientationPortrait UIInterfaceOrientationLandscapeLeft UIInterfaceOrientationLandscapeRight";
				LD_RUNPATH_SEARCH_PATHS = (
					"$(inherited)",
					"@executable_path/Frameworks",
				);
				MARKETING_VERSION = 1.0;
				PRODUCT_BUNDLE_IDENTIFIER = FullMetalFistApps.Landmarks;
				PRODUCT_NAME = "$(TARGET_NAME)";
				SWIFT_EMIT_LOC_STRINGS = YES;
				SWIFT_VERSION = 5.0;
				TARGETED_DEVICE_FAMILY = "1,2";
			};
			name = Debug;
		};
		992BEF6728B0409B00DB9AAF /* Release */ = {
			isa = XCBuildConfiguration;
			buildSettings = {
				ASSETCATALOG_COMPILER_APPICON_NAME = AppIcon;
				ASSETCATALOG_COMPILER_GLOBAL_ACCENT_COLOR_NAME = AccentColor;
				CODE_SIGN_STYLE = Automatic;
				CURRENT_PROJECT_VERSION = 1;
				DEVELOPMENT_ASSET_PATHS = "\"Landmarks/Preview Content\"";
				DEVELOPMENT_TEAM = 5Q3CLN5Y6Q;
				ENABLE_PREVIEWS = YES;
				GENERATE_INFOPLIST_FILE = YES;
				INFOPLIST_KEY_UIApplicationSceneManifest_Generation = YES;
				INFOPLIST_KEY_UIApplicationSupportsIndirectInputEvents = YES;
				INFOPLIST_KEY_UILaunchScreen_Generation = YES;
				INFOPLIST_KEY_UISupportedInterfaceOrientations_iPad = "UIInterfaceOrientationPortrait UIInterfaceOrientationPortraitUpsideDown UIInterfaceOrientationLandscapeLeft UIInterfaceOrientationLandscapeRight";
				INFOPLIST_KEY_UISupportedInterfaceOrientations_iPhone = "UIInterfaceOrientationPortrait UIInterfaceOrientationLandscapeLeft UIInterfaceOrientationLandscapeRight";
				LD_RUNPATH_SEARCH_PATHS = (
					"$(inherited)",
					"@executable_path/Frameworks",
				);
				MARKETING_VERSION = 1.0;
				PRODUCT_BUNDLE_IDENTIFIER = FullMetalFistApps.Landmarks;
				PRODUCT_NAME = "$(TARGET_NAME)";
				SWIFT_EMIT_LOC_STRINGS = YES;
				SWIFT_VERSION = 5.0;
				TARGETED_DEVICE_FAMILY = "1,2";
			};
			name = Release;
		};
		992BEF6928B0409B00DB9AAF /* Debug */ = {
			isa = XCBuildConfiguration;
			buildSettings = {
				ALWAYS_EMBED_SWIFT_STANDARD_LIBRARIES = YES;
				BUNDLE_LOADER = "$(TEST_HOST)";
				CODE_SIGN_STYLE = Automatic;
				CURRENT_PROJECT_VERSION = 1;
				GENERATE_INFOPLIST_FILE = YES;
				IPHONEOS_DEPLOYMENT_TARGET = 15.5;
				MARKETING_VERSION = 1.0;
				PRODUCT_BUNDLE_IDENTIFIER = FullMetalFistApps.LandmarksTests;
				PRODUCT_NAME = "$(TARGET_NAME)";
				SWIFT_EMIT_LOC_STRINGS = NO;
				SWIFT_VERSION = 5.0;
				TARGETED_DEVICE_FAMILY = "1,2";
				TEST_HOST = "$(BUILT_PRODUCTS_DIR)/Landmarks.app/Landmarks";
			};
			name = Debug;
		};
		992BEF6A28B0409B00DB9AAF /* Release */ = {
			isa = XCBuildConfiguration;
			buildSettings = {
				ALWAYS_EMBED_SWIFT_STANDARD_LIBRARIES = YES;
				BUNDLE_LOADER = "$(TEST_HOST)";
				CODE_SIGN_STYLE = Automatic;
				CURRENT_PROJECT_VERSION = 1;
				GENERATE_INFOPLIST_FILE = YES;
				IPHONEOS_DEPLOYMENT_TARGET = 15.5;
				MARKETING_VERSION = 1.0;
				PRODUCT_BUNDLE_IDENTIFIER = FullMetalFistApps.LandmarksTests;
				PRODUCT_NAME = "$(TARGET_NAME)";
				SWIFT_EMIT_LOC_STRINGS = NO;
				SWIFT_VERSION = 5.0;
				TARGETED_DEVICE_FAMILY = "1,2";
				TEST_HOST = "$(BUILT_PRODUCTS_DIR)/Landmarks.app/Landmarks";
			};
			name = Release;
		};
		992BEF6C28B0409B00DB9AAF /* Debug */ = {
			isa = XCBuildConfiguration;
			buildSettings = {
				ALWAYS_EMBED_SWIFT_STANDARD_LIBRARIES = YES;
				CODE_SIGN_STYLE = Automatic;
				CURRENT_PROJECT_VERSION = 1;
				GENERATE_INFOPLIST_FILE = YES;
				MARKETING_VERSION = 1.0;
				PRODUCT_BUNDLE_IDENTIFIER = FullMetalFistApps.LandmarksUITests;
				PRODUCT_NAME = "$(TARGET_NAME)";
				SWIFT_EMIT_LOC_STRINGS = NO;
				SWIFT_VERSION = 5.0;
				TARGETED_DEVICE_FAMILY = "1,2";
				TEST_TARGET_NAME = Landmarks;
			};
			name = Debug;
		};
		992BEF6D28B0409B00DB9AAF /* Release */ = {
			isa = XCBuildConfiguration;
			buildSettings = {
				ALWAYS_EMBED_SWIFT_STANDARD_LIBRARIES = YES;
				CODE_SIGN_STYLE = Automatic;
				CURRENT_PROJECT_VERSION = 1;
				GENERATE_INFOPLIST_FILE = YES;
				MARKETING_VERSION = 1.0;
				PRODUCT_BUNDLE_IDENTIFIER = FullMetalFistApps.LandmarksUITests;
				PRODUCT_NAME = "$(TARGET_NAME)";
				SWIFT_EMIT_LOC_STRINGS = NO;
				SWIFT_VERSION = 5.0;
				TARGETED_DEVICE_FAMILY = "1,2";
				TEST_TARGET_NAME = Landmarks;
			};
			name = Release;
		};
/* End XCBuildConfiguration section */

/* Begin XCConfigurationList section */
		992BEF3C28B0409A00DB9AAF /* Build configuration list for PBXProject "Landmarks" */ = {
			isa = XCConfigurationList;
			buildConfigurations = (
				992BEF6328B0409B00DB9AAF /* Debug */,
				992BEF6428B0409B00DB9AAF /* Release */,
			);
			defaultConfigurationIsVisible = 0;
			defaultConfigurationName = Release;
		};
		992BEF6528B0409B00DB9AAF /* Build configuration list for PBXNativeTarget "Landmarks" */ = {
			isa = XCConfigurationList;
			buildConfigurations = (
				992BEF6628B0409B00DB9AAF /* Debug */,
				992BEF6728B0409B00DB9AAF /* Release */,
			);
			defaultConfigurationIsVisible = 0;
			defaultConfigurationName = Release;
		};
		992BEF6828B0409B00DB9AAF /* Build configuration list for PBXNativeTarget "LandmarksTests" */ = {
			isa = XCConfigurationList;
			buildConfigurations = (
				992BEF6928B0409B00DB9AAF /* Debug */,
				992BEF6A28B0409B00DB9AAF /* Release */,
			);
			defaultConfigurationIsVisible = 0;
			defaultConfigurationName = Release;
		};
		992BEF6B28B0409B00DB9AAF /* Build configuration list for PBXNativeTarget "LandmarksUITests" */ = {
			isa = XCConfigurationList;
			buildConfigurations = (
				992BEF6C28B0409B00DB9AAF /* Debug */,
				992BEF6D28B0409B00DB9AAF /* Release */,
			);
			defaultConfigurationIsVisible = 0;
			defaultConfigurationName = Release;
		};
/* End XCConfigurationList section */
	};
	rootObject = 992BEF3928B0409A00DB9AAF /* Project object */;
}
